// !$*UTF8*$!
{
	archiveVersion = 1;
	classes = {
	};
	objectVersion = 50;
	objects = {

/* Begin PBXBuildFile section */
		9E0962C121C473AA009F2AC0 /* ResetButton.swift in Sources */ = {isa = PBXBuildFile; fileRef = 9E0962C021C473AA009F2AC0 /* ResetButton.swift */; };
		9E396181219B7A11009A3400 /* SettingsButton.swift in Sources */ = {isa = PBXBuildFile; fileRef = 9E396180219B7A11009A3400 /* SettingsButton.swift */; };
		9EA4A2E221F1415E007C44F7 /* WeekStreakTracker.swift in Sources */ = {isa = PBXBuildFile; fileRef = 9EA4A2E121F1415E007C44F7 /* WeekStreakTracker.swift */; };
		9EF27452214DE1E70028C5F0 /* AppDelegate.swift in Sources */ = {isa = PBXBuildFile; fileRef = 9EF27451214DE1E70028C5F0 /* AppDelegate.swift */; };
		9EF27454214DE1E70028C5F0 /* TimerViewController.swift in Sources */ = {isa = PBXBuildFile; fileRef = 9EF27453214DE1E70028C5F0 /* TimerViewController.swift */; };
		9EF27457214DE1E70028C5F0 /* Main.storyboard in Resources */ = {isa = PBXBuildFile; fileRef = 9EF27455214DE1E70028C5F0 /* Main.storyboard */; };
		9EF27459214DE1E70028C5F0 /* Assets.xcassets in Resources */ = {isa = PBXBuildFile; fileRef = 9EF27458214DE1E70028C5F0 /* Assets.xcassets */; };
		9EF2745C214DE1E70028C5F0 /* LaunchScreen.storyboard in Resources */ = {isa = PBXBuildFile; fileRef = 9EF2745A214DE1E70028C5F0 /* LaunchScreen.storyboard */; };
		9EF27467214DE1E80028C5F0 /* MeditationTests.swift in Sources */ = {isa = PBXBuildFile; fileRef = 9EF27466214DE1E80028C5F0 /* MeditationTests.swift */; };
		9EF27472214DE46D0028C5F0 /* TimerButton.swift in Sources */ = {isa = PBXBuildFile; fileRef = 9EF27471214DE46D0028C5F0 /* TimerButton.swift */; };
		9EF2747A2151D5770028C5F0 /* bell.wav in Resources */ = {isa = PBXBuildFile; fileRef = 9EF274792151D5770028C5F0 /* bell.wav */; };
		9EF2747E2151D7C30028C5F0 /* bell_short.wav in Resources */ = {isa = PBXBuildFile; fileRef = 9EF2747D2151D7C30028C5F0 /* bell_short.wav */; };
/* End PBXBuildFile section */

/* Begin PBXContainerItemProxy section */
		9EF27463214DE1E80028C5F0 /* PBXContainerItemProxy */ = {
			isa = PBXContainerItemProxy;
			containerPortal = 9EF27446214DE1E70028C5F0 /* Project object */;
			proxyType = 1;
			remoteGlobalIDString = 9EF2744D214DE1E70028C5F0;
			remoteInfo = Meditation;
		};
/* End PBXContainerItemProxy section */

/* Begin PBXFileReference section */
		9E0962C021C473AA009F2AC0 /* ResetButton.swift */ = {isa = PBXFileReference; lastKnownFileType = sourcecode.swift; path = ResetButton.swift; sourceTree = "<group>"; };
		9E396180219B7A11009A3400 /* SettingsButton.swift */ = {isa = PBXFileReference; lastKnownFileType = sourcecode.swift; path = SettingsButton.swift; sourceTree = "<group>"; };
		9EA4A2E121F1415E007C44F7 /* WeekStreakTracker.swift */ = {isa = PBXFileReference; lastKnownFileType = sourcecode.swift; path = WeekStreakTracker.swift; sourceTree = "<group>"; };
		9EF2744E214DE1E70028C5F0 /* Meditation.app */ = {isa = PBXFileReference; explicitFileType = wrapper.application; includeInIndex = 0; path = Meditation.app; sourceTree = BUILT_PRODUCTS_DIR; };
		9EF27451214DE1E70028C5F0 /* AppDelegate.swift */ = {isa = PBXFileReference; lastKnownFileType = sourcecode.swift; path = AppDelegate.swift; sourceTree = "<group>"; };
		9EF27453214DE1E70028C5F0 /* TimerViewController.swift */ = {isa = PBXFileReference; lastKnownFileType = sourcecode.swift; path = TimerViewController.swift; sourceTree = "<group>"; };
		9EF27456214DE1E70028C5F0 /* Base */ = {isa = PBXFileReference; lastKnownFileType = file.storyboard; name = Base; path = Base.lproj/Main.storyboard; sourceTree = "<group>"; };
		9EF27458214DE1E70028C5F0 /* Assets.xcassets */ = {isa = PBXFileReference; lastKnownFileType = folder.assetcatalog; path = Assets.xcassets; sourceTree = "<group>"; };
		9EF2745B214DE1E70028C5F0 /* Base */ = {isa = PBXFileReference; lastKnownFileType = file.storyboard; name = Base; path = Base.lproj/LaunchScreen.storyboard; sourceTree = "<group>"; };
		9EF2745D214DE1E70028C5F0 /* Info.plist */ = {isa = PBXFileReference; lastKnownFileType = text.plist.xml; path = Info.plist; sourceTree = "<group>"; };
		9EF27462214DE1E80028C5F0 /* MeditationTests.xctest */ = {isa = PBXFileReference; explicitFileType = wrapper.cfbundle; includeInIndex = 0; path = MeditationTests.xctest; sourceTree = BUILT_PRODUCTS_DIR; };
		9EF27466214DE1E80028C5F0 /* MeditationTests.swift */ = {isa = PBXFileReference; lastKnownFileType = sourcecode.swift; path = MeditationTests.swift; sourceTree = "<group>"; };
		9EF27468214DE1E80028C5F0 /* Info.plist */ = {isa = PBXFileReference; lastKnownFileType = text.plist.xml; path = Info.plist; sourceTree = "<group>"; };
		9EF27471214DE46D0028C5F0 /* TimerButton.swift */ = {isa = PBXFileReference; lastKnownFileType = sourcecode.swift; path = TimerButton.swift; sourceTree = "<group>"; };
		9EF274792151D5770028C5F0 /* bell.wav */ = {isa = PBXFileReference; lastKnownFileType = audio.wav; path = bell.wav; sourceTree = "<group>"; };
		9EF2747D2151D7C30028C5F0 /* bell_short.wav */ = {isa = PBXFileReference; lastKnownFileType = audio.wav; path = bell_short.wav; sourceTree = "<group>"; };
/* End PBXFileReference section */

/* Begin PBXFrameworksBuildPhase section */
		9EF2744B214DE1E70028C5F0 /* Frameworks */ = {
			isa = PBXFrameworksBuildPhase;
			buildActionMask = 2147483647;
			files = (
			);
			runOnlyForDeploymentPostprocessing = 0;
		};
		9EF2745F214DE1E80028C5F0 /* Frameworks */ = {
			isa = PBXFrameworksBuildPhase;
			buildActionMask = 2147483647;
			files = (
			);
			runOnlyForDeploymentPostprocessing = 0;
		};
/* End PBXFrameworksBuildPhase section */

/* Begin PBXGroup section */
		9EF27445214DE1E70028C5F0 = {
			isa = PBXGroup;
			children = (
				9EF27450214DE1E70028C5F0 /* Meditation */,
				9EF27465214DE1E80028C5F0 /* MeditationTests */,
				9EF2744F214DE1E70028C5F0 /* Products */,
			);
			sourceTree = "<group>";
		};
		9EF2744F214DE1E70028C5F0 /* Products */ = {
			isa = PBXGroup;
			children = (
				9EF2744E214DE1E70028C5F0 /* Meditation.app */,
				9EF27462214DE1E80028C5F0 /* MeditationTests.xctest */,
			);
			name = Products;
			sourceTree = "<group>";
		};
		9EF27450214DE1E70028C5F0 /* Meditation */ = {
			isa = PBXGroup;
			children = (
				9EF27451214DE1E70028C5F0 /* AppDelegate.swift */,
				9EF27453214DE1E70028C5F0 /* TimerViewController.swift */,
				9EA4A2E121F1415E007C44F7 /* WeekStreakTracker.swift */,
				9EF27471214DE46D0028C5F0 /* TimerButton.swift */,
				9E0962C021C473AA009F2AC0 /* ResetButton.swift */,
				9E396180219B7A11009A3400 /* SettingsButton.swift */,
				9EF27455214DE1E70028C5F0 /* Main.storyboard */,
				9EF27458214DE1E70028C5F0 /* Assets.xcassets */,
				9EF27478214E46270028C5F0 /* Sounds */,
				9EF2745A214DE1E70028C5F0 /* LaunchScreen.storyboard */,
				9EF2745D214DE1E70028C5F0 /* Info.plist */,
			);
			path = Meditation;
			sourceTree = "<group>";
		};
		9EF27465214DE1E80028C5F0 /* MeditationTests */ = {
			isa = PBXGroup;
			children = (
				9EF27466214DE1E80028C5F0 /* MeditationTests.swift */,
				9EF27468214DE1E80028C5F0 /* Info.plist */,
			);
			path = MeditationTests;
			sourceTree = "<group>";
		};
		9EF27478214E46270028C5F0 /* Sounds */ = {
			isa = PBXGroup;
			children = (
				9EF2747D2151D7C30028C5F0 /* bell_short.wav */,
				9EF274792151D5770028C5F0 /* bell.wav */,
			);
			path = Sounds;
			sourceTree = "<group>";
		};
/* End PBXGroup section */

/* Begin PBXNativeTarget section */
		9EF2744D214DE1E70028C5F0 /* Meditation */ = {
			isa = PBXNativeTarget;
			buildConfigurationList = 9EF2746B214DE1E80028C5F0 /* Build configuration list for PBXNativeTarget "Meditation" */;
			buildPhases = (
				9EF2744A214DE1E70028C5F0 /* Sources */,
				9EF2744B214DE1E70028C5F0 /* Frameworks */,
				9EF2744C214DE1E70028C5F0 /* Resources */,
			);
			buildRules = (
			);
			dependencies = (
			);
			name = Meditation;
			productName = Meditation;
			productReference = 9EF2744E214DE1E70028C5F0 /* Meditation.app */;
			productType = "com.apple.product-type.application";
		};
		9EF27461214DE1E80028C5F0 /* MeditationTests */ = {
			isa = PBXNativeTarget;
			buildConfigurationList = 9EF2746E214DE1E80028C5F0 /* Build configuration list for PBXNativeTarget "MeditationTests" */;
			buildPhases = (
				9EF2745E214DE1E80028C5F0 /* Sources */,
				9EF2745F214DE1E80028C5F0 /* Frameworks */,
				9EF27460214DE1E80028C5F0 /* Resources */,
			);
			buildRules = (
			);
			dependencies = (
				9EF27464214DE1E80028C5F0 /* PBXTargetDependency */,
			);
			name = MeditationTests;
			productName = MeditationTests;
			productReference = 9EF27462214DE1E80028C5F0 /* MeditationTests.xctest */;
			productType = "com.apple.product-type.bundle.unit-test";
		};
/* End PBXNativeTarget section */

/* Begin PBXProject section */
		9EF27446214DE1E70028C5F0 /* Project object */ = {
			isa = PBXProject;
			attributes = {
				LastSwiftUpdateCheck = 0940;
				LastUpgradeCheck = 0940;
				ORGANIZATIONNAME = "Vincent Tang";
				TargetAttributes = {
					9EF2744D214DE1E70028C5F0 = {
						CreatedOnToolsVersion = 9.4.1;
						LastSwiftMigration = 1000;
						SystemCapabilities = {
							com.apple.BackgroundModes = {
								enabled = 0;
							};
						};
					};
					9EF27461214DE1E80028C5F0 = {
						CreatedOnToolsVersion = 9.4.1;
						LastSwiftMigration = 1000;
						TestTargetID = 9EF2744D214DE1E70028C5F0;
					};
				};
			};
			buildConfigurationList = 9EF27449214DE1E70028C5F0 /* Build configuration list for PBXProject "Meditation" */;
			compatibilityVersion = "Xcode 9.3";
			developmentRegion = en;
			hasScannedForEncodings = 0;
			knownRegions = (
				en,
				Base,
			);
			mainGroup = 9EF27445214DE1E70028C5F0;
			productRefGroup = 9EF2744F214DE1E70028C5F0 /* Products */;
			projectDirPath = "";
			projectRoot = "";
			targets = (
				9EF2744D214DE1E70028C5F0 /* Meditation */,
				9EF27461214DE1E80028C5F0 /* MeditationTests */,
			);
		};
/* End PBXProject section */

/* Begin PBXResourcesBuildPhase section */
		9EF2744C214DE1E70028C5F0 /* Resources */ = {
			isa = PBXResourcesBuildPhase;
			buildActionMask = 2147483647;
			files = (
				9EF2745C214DE1E70028C5F0 /* LaunchScreen.storyboard in Resources */,
				9EF27459214DE1E70028C5F0 /* Assets.xcassets in Resources */,
				9EF27457214DE1E70028C5F0 /* Main.storyboard in Resources */,
				9EF2747E2151D7C30028C5F0 /* bell_short.wav in Resources */,
				9EF2747A2151D5770028C5F0 /* bell.wav in Resources */,
			);
			runOnlyForDeploymentPostprocessing = 0;
		};
		9EF27460214DE1E80028C5F0 /* Resources */ = {
			isa = PBXResourcesBuildPhase;
			buildActionMask = 2147483647;
			files = (
			);
			runOnlyForDeploymentPostprocessing = 0;
		};
/* End PBXResourcesBuildPhase section */

/* Begin PBXSourcesBuildPhase section */
		9EF2744A214DE1E70028C5F0 /* Sources */ = {
			isa = PBXSourcesBuildPhase;
			buildActionMask = 2147483647;
			files = (
				9E396181219B7A11009A3400 /* SettingsButton.swift in Sources */,
				9E0962C121C473AA009F2AC0 /* ResetButton.swift in Sources */,
				9EF27472214DE46D0028C5F0 /* TimerButton.swift in Sources */,
				9EF27454214DE1E70028C5F0 /* TimerViewController.swift in Sources */,
				9EA4A2E221F1415E007C44F7 /* WeekStreakTracker.swift in Sources */,
				9EF27452214DE1E70028C5F0 /* AppDelegate.swift in Sources */,
			);
			runOnlyForDeploymentPostprocessing = 0;
		};
		9EF2745E214DE1E80028C5F0 /* Sources */ = {
			isa = PBXSourcesBuildPhase;
			buildActionMask = 2147483647;
			files = (
				9EF27467214DE1E80028C5F0 /* MeditationTests.swift in Sources */,
			);
			runOnlyForDeploymentPostprocessing = 0;
		};
/* End PBXSourcesBuildPhase section */

/* Begin PBXTargetDependency section */
		9EF27464214DE1E80028C5F0 /* PBXTargetDependency */ = {
			isa = PBXTargetDependency;
			target = 9EF2744D214DE1E70028C5F0 /* Meditation */;
			targetProxy = 9EF27463214DE1E80028C5F0 /* PBXContainerItemProxy */;
		};
/* End PBXTargetDependency section */

/* Begin PBXVariantGroup section */
		9EF27455214DE1E70028C5F0 /* Main.storyboard */ = {
			isa = PBXVariantGroup;
			children = (
				9EF27456214DE1E70028C5F0 /* Base */,
			);
			name = Main.storyboard;
			sourceTree = "<group>";
		};
		9EF2745A214DE1E70028C5F0 /* LaunchScreen.storyboard */ = {
			isa = PBXVariantGroup;
			children = (
				9EF2745B214DE1E70028C5F0 /* Base */,
			);
			name = LaunchScreen.storyboard;
			sourceTree = "<group>";
		};
/* End PBXVariantGroup section */

/* Begin XCBuildConfiguration section */
		9EF27469214DE1E80028C5F0 /* Debug */ = {
			isa = XCBuildConfiguration;
			buildSettings = {
				ALWAYS_SEARCH_USER_PATHS = NO;
				CLANG_ANALYZER_NONNULL = YES;
				CLANG_ANALYZER_NUMBER_OBJECT_CONVERSION = YES_AGGRESSIVE;
				CLANG_CXX_LANGUAGE_STANDARD = "gnu++14";
				CLANG_CXX_LIBRARY = "libc++";
				CLANG_ENABLE_MODULES = YES;
				CLANG_ENABLE_OBJC_ARC = YES;
				CLANG_ENABLE_OBJC_WEAK = YES;
				CLANG_WARN_BLOCK_CAPTURE_AUTORELEASING = YES;
				CLANG_WARN_BOOL_CONVERSION = YES;
				CLANG_WARN_COMMA = YES;
				CLANG_WARN_CONSTANT_CONVERSION = YES;
				CLANG_WARN_DEPRECATED_OBJC_IMPLEMENTATIONS = YES;
				CLANG_WARN_DIRECT_OBJC_ISA_USAGE = YES_ERROR;
				CLANG_WARN_DOCUMENTATION_COMMENTS = YES;
				CLANG_WARN_EMPTY_BODY = YES;
				CLANG_WARN_ENUM_CONVERSION = YES;
				CLANG_WARN_INFINITE_RECURSION = YES;
				CLANG_WARN_INT_CONVERSION = YES;
				CLANG_WARN_NON_LITERAL_NULL_CONVERSION = YES;
				CLANG_WARN_OBJC_IMPLICIT_RETAIN_SELF = YES;
				CLANG_WARN_OBJC_LITERAL_CONVERSION = YES;
				CLANG_WARN_OBJC_ROOT_CLASS = YES_ERROR;
				CLANG_WARN_RANGE_LOOP_ANALYSIS = YES;
				CLANG_WARN_STRICT_PROTOTYPES = YES;
				CLANG_WARN_SUSPICIOUS_MOVE = YES;
				CLANG_WARN_UNGUARDED_AVAILABILITY = YES_AGGRESSIVE;
				CLANG_WARN_UNREACHABLE_CODE = YES;
				CLANG_WARN__DUPLICATE_METHOD_MATCH = YES;
				CODE_SIGN_IDENTITY = "iPhone Developer";
				COPY_PHASE_STRIP = NO;
				DEBUG_INFORMATION_FORMAT = dwarf;
				ENABLE_STRICT_OBJC_MSGSEND = YES;
				ENABLE_TESTABILITY = YES;
				GCC_C_LANGUAGE_STANDARD = gnu11;
				GCC_DYNAMIC_NO_PIC = NO;
				GCC_NO_COMMON_BLOCKS = YES;
				GCC_OPTIMIZATION_LEVEL = 0;
				GCC_PREPROCESSOR_DEFINITIONS = (
					"DEBUG=1",
					"$(inherited)",
				);
				GCC_WARN_64_TO_32_BIT_CONVERSION = YES;
				GCC_WARN_ABOUT_RETURN_TYPE = YES_ERROR;
				GCC_WARN_UNDECLARED_SELECTOR = YES;
				GCC_WARN_UNINITIALIZED_AUTOS = YES_AGGRESSIVE;
				GCC_WARN_UNUSED_FUNCTION = YES;
				GCC_WARN_UNUSED_VARIABLE = YES;
				IPHONEOS_DEPLOYMENT_TARGET = 11.4;
				MTL_ENABLE_DEBUG_INFO = YES;
				ONLY_ACTIVE_ARCH = YES;
				SDKROOT = iphoneos;
				SWIFT_ACTIVE_COMPILATION_CONDITIONS = DEBUG;
				SWIFT_OPTIMIZATION_LEVEL = "-Onone";
			};
			name = Debug;
		};
		9EF2746A214DE1E80028C5F0 /* Release */ = {
			isa = XCBuildConfiguration;
			buildSettings = {
				ALWAYS_SEARCH_USER_PATHS = NO;
				CLANG_ANALYZER_NONNULL = YES;
				CLANG_ANALYZER_NUMBER_OBJECT_CONVERSION = YES_AGGRESSIVE;
				CLANG_CXX_LANGUAGE_STANDARD = "gnu++14";
				CLANG_CXX_LIBRARY = "libc++";
				CLANG_ENABLE_MODULES = YES;
				CLANG_ENABLE_OBJC_ARC = YES;
				CLANG_ENABLE_OBJC_WEAK = YES;
				CLANG_WARN_BLOCK_CAPTURE_AUTORELEASING = YES;
				CLANG_WARN_BOOL_CONVERSION = YES;
				CLANG_WARN_COMMA = YES;
				CLANG_WARN_CONSTANT_CONVERSION = YES;
				CLANG_WARN_DEPRECATED_OBJC_IMPLEMENTATIONS = YES;
				CLANG_WARN_DIRECT_OBJC_ISA_USAGE = YES_ERROR;
				CLANG_WARN_DOCUMENTATION_COMMENTS = YES;
				CLANG_WARN_EMPTY_BODY = YES;
				CLANG_WARN_ENUM_CONVERSION = YES;
				CLANG_WARN_INFINITE_RECURSION = YES;
				CLANG_WARN_INT_CONVERSION = YES;
				CLANG_WARN_NON_LITERAL_NULL_CONVERSION = YES;
				CLANG_WARN_OBJC_IMPLICIT_RETAIN_SELF = YES;
				CLANG_WARN_OBJC_LITERAL_CONVERSION = YES;
				CLANG_WARN_OBJC_ROOT_CLASS = YES_ERROR;
				CLANG_WARN_RANGE_LOOP_ANALYSIS = YES;
				CLANG_WARN_STRICT_PROTOTYPES = YES;
				CLANG_WARN_SUSPICIOUS_MOVE = YES;
				CLANG_WARN_UNGUARDED_AVAILABILITY = YES_AGGRESSIVE;
				CLANG_WARN_UNREACHABLE_CODE = YES;
				CLANG_WARN__DUPLICATE_METHOD_MATCH = YES;
				CODE_SIGN_IDENTITY = "iPhone Developer";
				COPY_PHASE_STRIP = NO;
				DEBUG_INFORMATION_FORMAT = "dwarf-with-dsym";
				ENABLE_NS_ASSERTIONS = NO;
				ENABLE_STRICT_OBJC_MSGSEND = YES;
				GCC_C_LANGUAGE_STANDARD = gnu11;
				GCC_NO_COMMON_BLOCKS = YES;
				GCC_WARN_64_TO_32_BIT_CONVERSION = YES;
				GCC_WARN_ABOUT_RETURN_TYPE = YES_ERROR;
				GCC_WARN_UNDECLARED_SELECTOR = YES;
				GCC_WARN_UNINITIALIZED_AUTOS = YES_AGGRESSIVE;
				GCC_WARN_UNUSED_FUNCTION = YES;
				GCC_WARN_UNUSED_VARIABLE = YES;
				IPHONEOS_DEPLOYMENT_TARGET = 11.4;
				MTL_ENABLE_DEBUG_INFO = NO;
				SDKROOT = iphoneos;
				SWIFT_COMPILATION_MODE = wholemodule;
				SWIFT_OPTIMIZATION_LEVEL = "-O";
				VALIDATE_PRODUCT = YES;
			};
			name = Release;
		};
		9EF2746C214DE1E80028C5F0 /* Debug */ = {
			isa = XCBuildConfiguration;
			buildSettings = {
				ASSETCATALOG_COMPILER_APPICON_NAME = AppIcon;
				CODE_SIGN_STYLE = Automatic;
				DEVELOPMENT_TEAM = 9YJ8GCM3RD;
				INFOPLIST_FILE = Meditation/Info.plist;
				LD_RUNPATH_SEARCH_PATHS = (
					"$(inherited)",
					"@executable_path/Frameworks",
				);
				PRODUCT_BUNDLE_IDENTIFIER = com.vintangible.Meditation;
				PRODUCT_NAME = "$(TARGET_NAME)";
				SWIFT_VERSION = 4.2;
				TARGETED_DEVICE_FAMILY = "1,2";
			};
			name = Debug;
		};
		9EF2746D214DE1E80028C5F0 /* Release */ = {
			isa = XCBuildConfiguration;
			buildSettings = {
				ASSETCATALOG_COMPILER_APPICON_NAME = AppIcon;
				CODE_SIGN_STYLE = Automatic;
				DEVELOPMENT_TEAM = 9YJ8GCM3RD;
				INFOPLIST_FILE = Meditation/Info.plist;
				LD_RUNPATH_SEARCH_PATHS = (
					"$(inherited)",
					"@executable_path/Frameworks",
				);
				PRODUCT_BUNDLE_IDENTIFIER = com.vintangible.Meditation;
				PRODUCT_NAME = "$(TARGET_NAME)";
				SWIFT_VERSION = 4.2;
				TARGETED_DEVICE_FAMILY = "1,2";
			};
			name = Release;
		};
		9EF2746F214DE1E80028C5F0 /* Debug */ = {
			isa = XCBuildConfiguration;
			buildSettings = {
				ALWAYS_EMBED_SWIFT_STANDARD_LIBRARIES = YES;
				BUNDLE_LOADER = "$(TEST_HOST)";
				CODE_SIGN_STYLE = Automatic;
				INFOPLIST_FILE = MeditationTests/Info.plist;
				LD_RUNPATH_SEARCH_PATHS = (
					"$(inherited)",
					"@executable_path/Frameworks",
					"@loader_path/Frameworks",
				);
				PRODUCT_BUNDLE_IDENTIFIER = com.example.MeditationTests;
				PRODUCT_NAME = "$(TARGET_NAME)";
				SWIFT_VERSION = 4.2;
				TARGETED_DEVICE_FAMILY = "1,2";
				TEST_HOST = "$(BUILT_PRODUCTS_DIR)/Meditation.app/Meditation";
			};
			name = Debug;
		};
		9EF27470214DE1E80028C5F0 /* Release */ = {
			isa = XCBuildConfiguration;
			buildSettings = {
				ALWAYS_EMBED_SWIFT_STANDARD_LIBRARIES = YES;
				BUNDLE_LOADER = "$(TEST_HOST)";
				CODE_SIGN_STYLE = Automatic;
				INFOPLIST_FILE = MeditationTests/Info.plist;
				LD_RUNPATH_SEARCH_PATHS = (
					"$(inherited)",
					"@executable_path/Frameworks",
					"@loader_path/Frameworks",
				);
				PRODUCT_BUNDLE_IDENTIFIER = com.example.MeditationTests;
				PRODUCT_NAME = "$(TARGET_NAME)";
				SWIFT_VERSION = 4.2;
				TARGETED_DEVICE_FAMILY = "1,2";
				TEST_HOST = "$(BUILT_PRODUCTS_DIR)/Meditation.app/Meditation";
			};
			name = Release;
		};
/* End XCBuildConfiguration section */

/* Begin XCConfigurationList section */
		9EF27449214DE1E70028C5F0 /* Build configuration list for PBXProject "Meditation" */ = {
			isa = XCConfigurationList;
			buildConfigurations = (
				9EF27469214DE1E80028C5F0 /* Debug */,
				9EF2746A214DE1E80028C5F0 /* Release */,
			);
			defaultConfigurationIsVisible = 0;
			defaultConfigurationName = Release;
		};
		9EF2746B214DE1E80028C5F0 /* Build configuration list for PBXNativeTarget "Meditation" */ = {
			isa = XCConfigurationList;
			buildConfigurations = (
				9EF2746C214DE1E80028C5F0 /* Debug */,
				9EF2746D214DE1E80028C5F0 /* Release */,
			);
			defaultConfigurationIsVisible = 0;
			defaultConfigurationName = Release;
		};
		9EF2746E214DE1E80028C5F0 /* Build configuration list for PBXNativeTarget "MeditationTests" */ = {
			isa = XCConfigurationList;
			buildConfigurations = (
				9EF2746F214DE1E80028C5F0 /* Debug */,
				9EF27470214DE1E80028C5F0 /* Release */,
			);
			defaultConfigurationIsVisible = 0;
			defaultConfigurationName = Release;
		};
/* End XCConfigurationList section */
	};
	rootObject = 9EF27446214DE1E70028C5F0 /* Project object */;
}
